<?xml version="1.0" encoding="utf-8"?>
<Project ToolsVersion="4.0" xmlns="http://schemas.microsoft.com/developer/msbuild/2003">
  <ItemGroup>
    <Filter Include="Source Files">
      <UniqueIdentifier>{4FC737F1-C7A5-4376-A066-2A32D752A2FF}</UniqueIdentifier>
      <Extensions>cpp;c;cc;cxx;def;odl;idl;hpj;bat;asm;asmx</Extensions>
    </Filter>
    <Filter Include="Header Files">
      <UniqueIdentifier>{93995380-89BD-4b04-88EB-625FBE52EBFB}</UniqueIdentifier>
      <Extensions>h;hpp;hxx;hm;inl;inc;xsd</Extensions>
    </Filter>
    <Filter Include="Resource Files">
      <UniqueIdentifier>{67DA6AB6-F800-4c08-8B7A-83BB121AAD01}</UniqueIdentifier>
      <Extensions>rc;ico;cur;bmp;dlg;rc2;rct;bin;rgs;gif;jpg;jpeg;jpe;resx;tiff;tif;png;wav;mfcribbon-ms</Extensions>
    </Filter>
    <Filter Include="Header Files\External">
      <UniqueIdentifier>{34c0e767-f777-4cdb-8719-81b66c4aa365}</UniqueIdentifier>
    </Filter>
    <Filter Include="Source Files\cl">
      <UniqueIdentifier>{464846b0-8499-44fb-92f2-b495bf711aa2}</UniqueIdentifier>
    </Filter>
  </ItemGroup>
  <ItemGroup>
    <None Include="ReadMe.txt" />
    <None Include="Source\cl\kernels.cl">
      <Filter>Source Files\cl</Filter>
    </None>
  </ItemGroup>
  <ItemGroup>
    <ClInclude Include="Source\AABB.h">
      <Filter>Header Files</Filter>
    </ClInclude>
    <ClInclude Include="Source\BVH.h">
      <Filter>Header Files</Filter>
    </ClInclude>
    <ClInclude Include="Source\Camera.h">
      <Filter>Header Files</Filter>
    </ClInclude>
    <ClInclude Include="Source\Constants.h">
      <Filter>Header Files</Filter>
    </ClInclude>
    <ClInclude Include="Source\Light.h">
      <Filter>Header Files</Filter>
    </ClInclude>
    <ClInclude Include="Source\Math.h">
      <Filter>Header Files</Filter>
    </ClInclude>
    <ClInclude Include="Source\Mesh.h">
      <Filter>Header Files</Filter>
    </ClInclude>
    <ClInclude Include="Source\MeshInstance.h">
      <Filter>Header Files</Filter>
    </ClInclude>
    <ClInclude Include="Source\Octree.h">
      <Filter>Header Files</Filter>
    </ClInclude>
    <ClInclude Include="Source\Quad.h">
      <Filter>Header Files</Filter>
    </ClInclude>
    <ClInclude Include="Source\RayCast.h">
      <Filter>Header Files</Filter>
    </ClInclude>
    <ClInclude Include="Source\RenderQuad.h">
      <Filter>Header Files</Filter>
    </ClInclude>
    <ClInclude Include="Source\tests.h">
      <Filter>Header Files</Filter>
    </ClInclude>
    <ClInclude Include="Source\Tri.h">
      <Filter>Header Files</Filter>
    </ClInclude>
    <ClInclude Include="Source\Util.h">
      <Filter>Header Files</Filter>
    </ClInclude>
    <ClInclude Include="Source\Vertex.h">
      <Filter>Header Files</Filter>
    </ClInclude>
    <ClInclude Include="Source\Surface.h">
      <Filter>Header Files</Filter>
    </ClInclude>
    <ClInclude Include="Source\stdafx.h">
      <Filter>Header Files</Filter>
    </ClInclude>
    <ClInclude Include="Source\GLTexture.h">
      <Filter>Header Files</Filter>
    </ClInclude>
    <ClInclude Include="Source\CLBuffer.h">
      <Filter>Header Files</Filter>
    </ClInclude>
    <ClInclude Include="Source\Shader.h">
      <Filter>Header Files</Filter>
    </ClInclude>
    <ClInclude Include="Source\Application.h">
      <Filter>Header Files</Filter>
    </ClInclude>
    <ClInclude Include="Source\External\glad.h">
      <Filter>Header Files\External</Filter>
    </ClInclude>
    <ClInclude Include="Source\External\d3dx12.h">
      <Filter>Header Files\External</Filter>
    </ClInclude>
    <ClInclude Include="Source\OpenCL\inc\CL\cl.h">
      <Filter>Header Files\External</Filter>
    </ClInclude>
    <ClInclude Include="Source\OpenCL\inc\CL\cl.hpp">
      <Filter>Header Files\External</Filter>
    </ClInclude>
    <ClInclude Include="Source\OpenCL\inc\CL\cl_d3d10.h">
      <Filter>Header Files\External</Filter>
    </ClInclude>
    <ClInclude Include="Source\OpenCL\inc\CL\cl_d3d11.h">
      <Filter>Header Files\External</Filter>
    </ClInclude>
    <ClInclude Include="Source\OpenCL\inc\CL\cl_dx9_media_sharing.h">
      <Filter>Header Files\External</Filter>
    </ClInclude>
    <ClInclude Include="Source\OpenCL\inc\CL\cl_ext.h">
      <Filter>Header Files\External</Filter>
    </ClInclude>
    <ClInclude Include="Source\OpenCL\inc\CL\cl_gl.h">
      <Filter>Header Files\External</Filter>
    </ClInclude>
    <ClInclude Include="Source\OpenCL\inc\CL\cl_gl_ext.h">
      <Filter>Header Files\External</Filter>
    </ClInclude>
    <ClInclude Include="Source\OpenCL\inc\CL\cl_platform.h">
      <Filter>Header Files\External</Filter>
    </ClInclude>
    <ClInclude Include="Source\External\khrplatform.h">
      <Filter>Header Files\External</Filter>
    </ClInclude>
    <ClInclude Include="Source\OpenCL\inc\CL\opencl.h">
      <Filter>Header Files\External</Filter>
    </ClInclude>
    <ClInclude Include="Source\External\stb_image.h">
      <Filter>Header Files\External</Filter>
    </ClInclude>
    <ClInclude Include="Source\targetver.h">
      <Filter>Header Files\External</Filter>
    </ClInclude>
    <ClInclude Include="Source\Error.h">
      <Filter>Header Files</Filter>
    </ClInclude>
    <ClInclude Include="UtilCL.cl">
      <Filter>Source Files\cl</Filter>
    </ClInclude>
  </ItemGroup>
  <ItemGroup>
    <ClCompile Include="Source\BVH.cpp">
      <Filter>Source Files</Filter>
    </ClCompile>
    <ClCompile Include="Source\Camera.cpp">
      <Filter>Source Files</Filter>
    </ClCompile>
    <ClCompile Include="Source\Math.cpp">
      <Filter>Source Files</Filter>
    </ClCompile>
    <ClCompile Include="Source\Mesh.cpp">
      <Filter>Source Files</Filter>
    </ClCompile>
    <ClCompile Include="Source\MeshInstance.cpp">
      <Filter>Source Files</Filter>
    </ClCompile>
    <ClCompile Include="Source\Octree.cpp">
      <Filter>Source Files</Filter>
    </ClCompile>
    <ClCompile Include="Source\Quad.cpp">
      <Filter>Source Files</Filter>
    </ClCompile>
    <ClCompile Include="Source\RayCast.cpp">
      <Filter>Source Files</Filter>
    </ClCompile>
    <ClCompile Include="Source\RenderQuad.cpp">
      <Filter>Source Files</Filter>
    </ClCompile>
    <ClCompile Include="Source\Tri.cpp">
      <Filter>Source Files</Filter>
    </ClCompile>
    <ClCompile Include="Source\Util.cpp">
      <Filter>Source Files</Filter>
    </ClCompile>
    <ClCompile Include="Source\Surface.cpp">
      <Filter>Source Files</Filter>
    </ClCompile>
    <ClCompile Include="Source\stdafx.cpp">
      <Filter>Source Files</Filter>
    </ClCompile>
    <ClCompile Include="Source\GLTexture.cpp">
      <Filter>Source Files</Filter>
    </ClCompile>
    <ClCompile Include="Source\Shader.cpp">
      <Filter>Source Files</Filter>
    </ClCompile>
    <ClCompile Include="Source\CLBuffer.cpp">
      <Filter>Source Files</Filter>
    </ClCompile>
    <ClCompile Include="Source\main.cpp">
      <Filter>Source Files</Filter>
    </ClCompile>
    <ClCompile Include="Source\Application.cpp">
      <Filter>Source Files</Filter>
    </ClCompile>
    <ClCompile Include="Source\External\template.cpp">
      <Filter>Source Files</Filter>
    </ClCompile>
    <ClCompile Include="Source\Error.cpp">
      <Filter>Source Files</Filter>
    </ClCompile>
  </ItemGroup>
</Project>